
Microsoft Visual Studio Solution File, Format Version 12.00
# Visual Studio Version 16
VisualStudioVersion = 16.0.29424.173
MinimumVisualStudioVersion = 10.0.40219.1
Project("{FAE04EC0-301F-11D3-BF4B-00C04F79EFBC}") = "Online_Event_Calendar_Web_API", "Online_Event_Calendar_Web_API.csproj", "{390475EB-1F72-42BB-9840-AA4CB0D6D33D}"
EndProject
Global
	GlobalSection(SolutionConfigurationPlatforms) = preSolution
		Debug|Any CPU = Debug|Any CPU
		Release|Any CPU = Release|Any CPU
	EndGlobalSection
	GlobalSection(ProjectConfigurationPlatforms) = postSolution
		{390475EB-1F72-42BB-9840-AA4CB0D6D33D}.Debug|Any CPU.ActiveCfg = Debug|Any CPU
		{390475EB-1F72-42BB-9840-AA4CB0D6D33D}.Debug|Any CPU.Build.0 = Debug|Any CPU
		{390475EB-1F72-42BB-9840-AA4CB0D6D33D}.Release|Any CPU.ActiveCfg = Release|Any CPU
		{390475EB-1F72-42BB-9840-AA4CB0D6D33D}.Release|Any CPU.Build.0 = Release|Any CPU
	EndGlobalSection
	GlobalSection(SolutionProperties) = preSolution
		HideSolutionNode = FALSE
	EndGlobalSection
	GlobalSection(ExtensibilityGlobals) = postSolution
		SolutionGuid = {BEEF13F9-FAF3-4D8D-BC3A-03C8D0F4B7A8}
	EndGlobalSection
EndGlobal
